<?xml version="1.0" encoding="utf-8"?>
<Project ToolsVersion="4.0" xmlns="http://schemas.microsoft.com/developer/msbuild/2003">
  <ItemGroup>
    <Filter Include="Event">
      <UniqueIdentifier>{fc4e0a93-9fdf-43c5-a748-ff287302bc16}</UniqueIdentifier>
    </Filter>
    <Filter Include="Timer">
      <UniqueIdentifier>{1147954d-05f8-4195-961e-17c6347a5557}</UniqueIdentifier>
    </Filter>
  </ItemGroup>
  <ItemGroup>
    <ClInclude Include="..\Includes\Ensum_utils\Timer.h">
      <Filter>Timer</Filter>
    </ClInclude>
    <ClInclude Include="..\Includes\Ensum_utils\Event.h">
      <Filter>Event</Filter>
    </ClInclude>
    <ClInclude Include="..\Includes\Ensum_utils\dll_export.h" />
  </ItemGroup>
  <ItemGroup>
    <ClCompile Include="Timer.cpp">
      <Filter>Timer</Filter>
    </ClCompile>
  </ItemGroup>
</Project>