<?xml version="1.0" encoding="utf-8"?>
<Project ToolsVersion="4.0" xmlns="http://schemas.microsoft.com/developer/msbuild/2003">
  <ItemGroup>
    <Filter Include="EntityManager">
      <UniqueIdentifier>{661cbc2a-34f6-4c45-ad16-b2fc1f8a9ea0}</UniqueIdentifier>
    </Filter>
    <Filter Include="SceneManager">
      <UniqueIdentifier>{657b5080-ebda-43ba-b973-602adc4e3adc}</UniqueIdentifier>
    </Filter>
    <Filter Include="SceneManager\Scenes">
      <UniqueIdentifier>{735a48df-368a-47de-9b3b-fe18477074e1}</UniqueIdentifier>
    </Filter>
    <Filter Include="EntityManager\Entity">
      <UniqueIdentifier>{cddb8b9e-76d5-4d98-ab49-0189e8c23446}</UniqueIdentifier>
    </Filter>
    <Filter Include="SceneManager\Scenes\NullScene">
      <UniqueIdentifier>{5e998bcc-2b7a-4622-8996-67551e404952}</UniqueIdentifier>
    </Filter>
    <Filter Include="DataManager">
      <UniqueIdentifier>{46b8b4ce-21e2-4344-a63b-41c1b8731559}</UniqueIdentifier>
    </Filter>
    <Filter Include="TransformManager">
      <UniqueIdentifier>{d947432d-c0c2-4d02-87be-5b4a38277602}</UniqueIdentifier>
    </Filter>
    <Filter Include="CameraManager">
      <UniqueIdentifier>{09af42d7-9d66-4651-86d3-32232393d6ce}</UniqueIdentifier>
    </Filter>
  </ItemGroup>
  <ItemGroup>
    <ClInclude Include="..\Includes\Ensum_components\EntityManager.h">
      <Filter>EntityManager</Filter>
    </ClInclude>
    <ClInclude Include="..\Includes\Ensum_components\dll_export.h" />
    <ClInclude Include="..\Includes\Ensum_components\Manager.h" />
    <ClInclude Include="..\Includes\Ensum_components\Scene.h">
      <Filter>SceneManager\Scenes</Filter>
    </ClInclude>
    <ClInclude Include="..\Includes\Ensum_components\Entity.h">
      <Filter>EntityManager\Entity</Filter>
    </ClInclude>
    <ClInclude Include="..\Includes\Ensum_components\NullScene.h">
      <Filter>SceneManager\Scenes\NullScene</Filter>
    </ClInclude>
    <ClInclude Include="..\Includes\Ensum_components\SceneManager.h">
      <Filter>SceneManager</Filter>
    </ClInclude>
    <ClInclude Include="..\Includes\Ensum_components\DataManager.h">
      <Filter>DataManager</Filter>
    </ClInclude>
    <ClInclude Include="..\Includes\Ensum_components\TransformManager.h">
      <Filter>TransformManager</Filter>
    </ClInclude>
    <ClInclude Include="..\Includes\Ensum_components\CameraManager.h">
      <Filter>CameraManager</Filter>
    </ClInclude>
  </ItemGroup>
  <ItemGroup>
    <ClCompile Include="EntityManager.cpp">
      <Filter>EntityManager</Filter>
    </ClCompile>
    <ClCompile Include="NullScene.cpp">
      <Filter>SceneManager\Scenes\NullScene</Filter>
    </ClCompile>
    <ClCompile Include="SceneManager.cpp">
      <Filter>SceneManager</Filter>
    </ClCompile>
    <ClCompile Include="DataManager.cpp">
      <Filter>DataManager</Filter>
    </ClCompile>
    <ClCompile Include="TransformManager.cpp">
      <Filter>TransformManager</Filter>
    </ClCompile>
    <ClCompile Include="CameraManager.cpp">
      <Filter>CameraManager</Filter>
    </ClCompile>
  </ItemGroup>
</Project>