<?xml version="1.0" encoding="utf-8"?>
<Project ToolsVersion="4.0" xmlns="http://schemas.microsoft.com/developer/msbuild/2003">
  <ItemGroup>
    <Filter Include="EntityManager">
      <UniqueIdentifier>{661cbc2a-34f6-4c45-ad16-b2fc1f8a9ea0}</UniqueIdentifier>
    </Filter>
  </ItemGroup>
  <ItemGroup>
    <ClInclude Include="..\Includes\Ensum_components\EntityManager.h">
      <Filter>EntityManager</Filter>
    </ClInclude>
    <ClInclude Include="..\Includes\Ensum_components\dll_export.h" />
  </ItemGroup>
  <ItemGroup>
    <ClCompile Include="EntityManager.cpp">
      <Filter>EntityManager</Filter>
    </ClCompile>
  </ItemGroup>
</Project>